
Microsoft Visual Studio Solution File, Format Version 12.00
# Visual Studio 15
VisualStudioVersion = 15.0.28010.2026
MinimumVisualStudioVersion = 10.0.40219.1
Project("{8BC9CEB8-8B4A-11D0-8D11-00A0C91BC942}") = "DoAn2", "DoAn2\DoAn2.vcxproj", "{1C238986-FA36-41F5-965C-77159DD3A9FD}"
EndProject
Global
	GlobalSection(SolutionConfigurationPlatforms) = preSolution
		Debug|x64 = Debug|x64
		Debug|x86 = Debug|x86
		Release|x64 = Release|x64
		Release|x86 = Release|x86
	EndGlobalSection
	GlobalSection(ProjectConfigurationPlatforms) = postSolution
		{1C238986-FA36-41F5-965C-77159DD3A9FD}.Debug|x64.ActiveCfg = Debug|x64
		{1C238986-FA36-41F5-965C-77159DD3A9FD}.Debug|x64.Build.0 = Debug|x64
		{1C238986-FA36-41F5-965C-77159DD3A9FD}.Debug|x86.ActiveCfg = Debug|Win32
		{1C238986-FA36-41F5-965C-77159DD3A9FD}.Debug|x86.Build.0 = Debug|Win32
		{1C238986-FA36-41F5-965C-77159DD3A9FD}.Release|x64.ActiveCfg = Release|x64
		{1C238986-FA36-41F5-965C-77159DD3A9FD}.Release|x64.Build.0 = Release|x64
		{1C238986-FA36-41F5-965C-77159DD3A9FD}.Release|x86.ActiveCfg = Release|Win32
		{1C238986-FA36-41F5-965C-77159DD3A9FD}.Release|x86.Build.0 = Release|Win32
	EndGlobalSection
	GlobalSection(SolutionProperties) = preSolution
		HideSolutionNode = FALSE
	EndGlobalSection
	GlobalSection(ExtensibilityGlobals) = postSolution
		SolutionGuid = {9A0DAD85-E766-4676-8C72-5A6713DB122A}
	EndGlobalSection
EndGlobal
